
Microsoft Visual Studio Solution File, Format Version 12.00
# Visual Studio Version 16
VisualStudioVersion = 16.0.31205.134
MinimumVisualStudioVersion = 10.0.40219.1
Project("{9A19103F-16F7-4668-BE54-9A1E7A4F7556}") = "AdminPanelWeb", "AdminPanelWeb\AdminPanelWeb.csproj", "{68526F1C-28B9-4900-8D83-7691721585D4}"
EndProject
Project("{9A19103F-16F7-4668-BE54-9A1E7A4F7556}") = "AdminPanel.Data", "AdminPanel.Data\AdminPanel.Data.csproj", "{FB05ECA6-4192-4C8B-9B2D-5396391501EA}"
EndProject
Project("{9A19103F-16F7-4668-BE54-9A1E7A4F7556}") = "Login.API", "Login.API\Login.API.csproj", "{72EDB086-0583-44BE-9F9D-13865069F69D}"
EndProject
Project("{FAE04EC0-301F-11D3-BF4B-00C04F79EFBC}") = "AdminPanel.Service", "AdminPanel.Service\AdminPanel.Service.csproj", "{8B55D31C-4608-47C7-9AB5-78845777EAAC}"
EndProject
Global
	GlobalSection(SolutionConfigurationPlatforms) = preSolution
		Debug|Any CPU = Debug|Any CPU
		Release|Any CPU = Release|Any CPU
	EndGlobalSection
	GlobalSection(ProjectConfigurationPlatforms) = postSolution
		{68526F1C-28B9-4900-8D83-7691721585D4}.Debug|Any CPU.ActiveCfg = Debug|Any CPU
		{68526F1C-28B9-4900-8D83-7691721585D4}.Debug|Any CPU.Build.0 = Debug|Any CPU
		{68526F1C-28B9-4900-8D83-7691721585D4}.Release|Any CPU.ActiveCfg = Release|Any CPU
		{68526F1C-28B9-4900-8D83-7691721585D4}.Release|Any CPU.Build.0 = Release|Any CPU
		{FB05ECA6-4192-4C8B-9B2D-5396391501EA}.Debug|Any CPU.ActiveCfg = Debug|Any CPU
		{FB05ECA6-4192-4C8B-9B2D-5396391501EA}.Debug|Any CPU.Build.0 = Debug|Any CPU
		{FB05ECA6-4192-4C8B-9B2D-5396391501EA}.Release|Any CPU.ActiveCfg = Release|Any CPU
		{FB05ECA6-4192-4C8B-9B2D-5396391501EA}.Release|Any CPU.Build.0 = Release|Any CPU
		{72EDB086-0583-44BE-9F9D-13865069F69D}.Debug|Any CPU.ActiveCfg = Debug|Any CPU
		{72EDB086-0583-44BE-9F9D-13865069F69D}.Debug|Any CPU.Build.0 = Debug|Any CPU
		{72EDB086-0583-44BE-9F9D-13865069F69D}.Release|Any CPU.ActiveCfg = Release|Any CPU
		{72EDB086-0583-44BE-9F9D-13865069F69D}.Release|Any CPU.Build.0 = Release|Any CPU
		{8B55D31C-4608-47C7-9AB5-78845777EAAC}.Debug|Any CPU.ActiveCfg = Debug|Any CPU
		{8B55D31C-4608-47C7-9AB5-78845777EAAC}.Debug|Any CPU.Build.0 = Debug|Any CPU
		{8B55D31C-4608-47C7-9AB5-78845777EAAC}.Release|Any CPU.ActiveCfg = Release|Any CPU
		{8B55D31C-4608-47C7-9AB5-78845777EAAC}.Release|Any CPU.Build.0 = Release|Any CPU
	EndGlobalSection
	GlobalSection(SolutionProperties) = preSolution
		HideSolutionNode = FALSE
	EndGlobalSection
	GlobalSection(ExtensibilityGlobals) = postSolution
		SolutionGuid = {BA884969-C182-466B-A162-79B96091BD36}
	EndGlobalSection
EndGlobal
